Microsoft Visual Studio Solution File, Format Version 12.00
# Visual Studio Version 17
VisualStudioVersion = 17.5.2.0
MinimumVisualStudioVersion = 10.0.40219.1
Project("{FAE04EC0-301F-11D3-BF4B-00C04F79EFBC}") = "EventManagementMVC", "EventManagementMVC.csproj", "{513F1CD2-581D-DD28-C219-E8186CAC7296}"
EndProject
Global
	GlobalSection(SolutionConfigurationPlatforms) = preSolution
		Debug|Any CPU = Debug|Any CPU
		Release|Any CPU = Release|Any CPU
	EndGlobalSection
	GlobalSection(ProjectConfigurationPlatforms) = postSolution
		{513F1CD2-581D-DD28-C219-E8186CAC7296}.Debug|Any CPU.ActiveCfg = Debug|Any CPU
		{513F1CD2-581D-DD28-C219-E8186CAC7296}.Debug|Any CPU.Build.0 = Debug|Any CPU
		{513F1CD2-581D-DD28-C219-E8186CAC7296}.Release|Any CPU.ActiveCfg = Release|Any CPU
		{513F1CD2-581D-DD28-C219-E8186CAC7296}.Release|Any CPU.Build.0 = Release|Any CPU
	EndGlobalSection
	GlobalSection(SolutionProperties) = preSolution
		HideSolutionNode = FALSE
	EndGlobalSection
	GlobalSection(ExtensibilityGlobals) = postSolution
		SolutionGuid = {709FCCA0-D124-43EB-AECB-6C457E1C6499}
	EndGlobalSection
EndGlobal
